
Microsoft Visual Studio Solution File, Format Version 12.00
# Visual Studio Version 17
VisualStudioVersion = 17.3.32901.215
MinimumVisualStudioVersion = 10.0.40219.1
Project("{FAE04EC0-301F-11D3-BF4B-00C04F79EFBC}") = "LastProjectVersion2", "LastProjectVersion2\LastProjectVersion2.csproj", "{30EFEB84-2B5C-4040-B76A-9426E7A8181F}"
EndProject
Global
	GlobalSection(SolutionConfigurationPlatforms) = preSolution
		Debug|Any CPU = Debug|Any CPU
		Release|Any CPU = Release|Any CPU
	EndGlobalSection
	GlobalSection(ProjectConfigurationPlatforms) = postSolution
		{30EFEB84-2B5C-4040-B76A-9426E7A8181F}.Debug|Any CPU.ActiveCfg = Debug|Any CPU
		{30EFEB84-2B5C-4040-B76A-9426E7A8181F}.Debug|Any CPU.Build.0 = Debug|Any CPU
		{30EFEB84-2B5C-4040-B76A-9426E7A8181F}.Release|Any CPU.ActiveCfg = Release|Any CPU
		{30EFEB84-2B5C-4040-B76A-9426E7A8181F}.Release|Any CPU.Build.0 = Release|Any CPU
	EndGlobalSection
	GlobalSection(SolutionProperties) = preSolution
		HideSolutionNode = FALSE
	EndGlobalSection
	GlobalSection(ExtensibilityGlobals) = postSolution
		SolutionGuid = {AA385A0F-61CE-4703-99A3-9550885021F0}
	EndGlobalSection
EndGlobal
